PODS:
  - React/Core (0.39.0):
    - React/CSSLayout
  - React/CSSLayout (0.39.0)
  - React/RCTImage (0.39.0):
    - React/Core
    - React/RCTNetwork
  - React/RCTLinkingIOS (0.39.0):
    - React/Core
  - React/RCTNetwork (0.39.0):
    - React/Core
  - React/RCTText (0.39.0):
    - React/Core
  - React/RCTWebSocket (0.39.0):
    - React/Core

DEPENDENCIES:
  - React/Core (from `../node_modules/react-native`)
  - React/RCTImage (from `../node_modules/react-native`)
  - React/RCTLinkingIOS (from `../node_modules/react-native`)
  - React/RCTNetwork (from `../node_modules/react-native`)
  - React/RCTText (from `../node_modules/react-native`)
  - React/RCTWebSocket (from `../node_modules/react-native`)

EXTERNAL SOURCES:
  React:
    :path: ../node_modules/react-native

SPEC CHECKSUMS:
  React: 7ae4dea8e011270fab02a0e6fb185701261c3074

PODFILE CHECKSUM: 0a9a110e54a44ebd10172eb054bf1ee6f2310ea4

COCOAPODS: 1.0.1
